Microsoft Visual Studio Solution File, Format Version 11.00
# Visual Studio 2008

Project("{0153A7C4-E304-8760-47E4-C526A87B4021}") = "161Homework2", "Assembly-CSharp.csproj", "{476B9CBE-4B80-360A-F9E7-C7E46B8A51CA}"
EndProject
Project("{0153A7C4-E304-8760-47E4-C526A87B4021}") = "161Homework2", "Assembly-CSharp-Editor.csproj", "{B41837A6-9794-CAAE-DFE2-3747926C8631}"
EndProject
Global
	GlobalSection(SolutionConfigurationPlatforms) = preSolution
		Debug|Any CPU = Debug|Any CPU
		Release|Any CPU = Release|Any CPU
	EndGlobalSection
	GlobalSection(ProjectConfigurationPlatforms) = postSolution
		{476B9CBE-4B80-360A-F9E7-C7E46B8A51CA}.Debug|Any CPU.ActiveCfg = Debug|Any CPU
		{476B9CBE-4B80-360A-F9E7-C7E46B8A51CA}.Debug|Any CPU.Build.0 = Debug|Any CPU
		{476B9CBE-4B80-360A-F9E7-C7E46B8A51CA}.Release|Any CPU.ActiveCfg = Release|Any CPU
		{476B9CBE-4B80-360A-F9E7-C7E46B8A51CA}.Release|Any CPU.Build.0 = Release|Any CPU
		{B41837A6-9794-CAAE-DFE2-3747926C8631}.Debug|Any CPU.ActiveCfg = Debug|Any CPU
		{B41837A6-9794-CAAE-DFE2-3747926C8631}.Debug|Any CPU.Build.0 = Debug|Any CPU
		{B41837A6-9794-CAAE-DFE2-3747926C8631}.Release|Any CPU.ActiveCfg = Release|Any CPU
		{B41837A6-9794-CAAE-DFE2-3747926C8631}.Release|Any CPU.Build.0 = Release|Any CPU
	EndGlobalSection
	GlobalSection(SolutionProperties) = preSolution
		HideSolutionNode = FALSE
	EndGlobalSection
	GlobalSection(MonoDevelopProperties) = preSolution
		StartupItem = Assembly-CSharp.csproj
	EndGlobalSection
EndGlobal
